
Microsoft Visual Studio Solution File, Format Version 12.00
# Visual Studio 15
VisualStudioVersion = 15.0.26906.1
MinimumVisualStudioVersion = 10.0.40219.1
Project("{FAE04EC0-301F-11D3-BF4B-00C04F79EFBC}") = "App4.Android", "App4\App4.Android\App4.Android.csproj", "{5FE6B16F-559B-46BD-A3AF-5F5F574B00BC}"
EndProject
Project("{FAE04EC0-301F-11D3-BF4B-00C04F79EFBC}") = "App4", "App4\App4\App4.csproj", "{319DC434-6EAE-4C17-92CB-1616EDFA6507}"
EndProject
Project("{FAE04EC0-301F-11D3-BF4B-00C04F79EFBC}") = "App4.UWP", "App4\App4.UWP\App4.UWP.csproj", "{FCA9CDD7-4597-4C6B-95CB-31C32EC0C428}"
EndProject
Project("{FAE04EC0-301F-11D3-BF4B-00C04F79EFBC}") = "App4.iOS", "App4\App4.iOS\App4.iOS.csproj", "{ED4527BE-39A9-459F-B903-CAB278F604D6}"
EndProject
Global
	GlobalSection(SolutionConfigurationPlatforms) = preSolution
		Ad-Hoc|Any CPU = Ad-Hoc|Any CPU
		Ad-Hoc|ARM = Ad-Hoc|ARM
		Ad-Hoc|iPhone = Ad-Hoc|iPhone
		Ad-Hoc|iPhoneSimulator = Ad-Hoc|iPhoneSimulator
		Ad-Hoc|x64 = Ad-Hoc|x64
		Ad-Hoc|x86 = Ad-Hoc|x86
		AppStore|Any CPU = AppStore|Any CPU
		AppStore|ARM = AppStore|ARM
		AppStore|iPhone = AppStore|iPhone
		AppStore|iPhoneSimulator = AppStore|iPhoneSimulator
		AppStore|x64 = AppStore|x64
		AppStore|x86 = AppStore|x86
		Debug|Any CPU = Debug|Any CPU
		Debug|ARM = Debug|ARM
		Debug|iPhone = Debug|iPhone
		Debug|iPhoneSimulator = Debug|iPhoneSimulator
		Debug|x64 = Debug|x64
		Debug|x86 = Debug|x86
		Release|Any CPU = Release|Any CPU
		Release|ARM = Release|ARM
		Release|iPhone = Release|iPhone
		Release|iPhoneSimulator = Release|iPhoneSimulator
		Release|x64 = Release|x64
		Release|x86 = Release|x86
	EndGlobalSection
	GlobalSection(ProjectConfigurationPlatforms) = postSolution
		{5FE6B16F-559B-46BD-A3AF-5F5F574B00BC}.Ad-Hoc|Any CPU.ActiveCfg = Release|Any CPU
		{5FE6B16F-559B-46BD-A3AF-5F5F574B00BC}.Ad-Hoc|Any CPU.Build.0 = Release|Any CPU
		{5FE6B16F-559B-46BD-A3AF-5F5F574B00BC}.Ad-Hoc|Any CPU.Deploy.0 = Release|Any CPU
		{5FE6B16F-559B-46BD-A3AF-5F5F574B00BC}.Ad-Hoc|ARM.ActiveCfg = Release|Any CPU
		{5FE6B16F-559B-46BD-A3AF-5F5F574B00BC}.Ad-Hoc|ARM.Build.0 = Release|Any CPU
		{5FE6B16F-559B-46BD-A3AF-5F5F574B00BC}.Ad-Hoc|ARM.Deploy.0 = Release|Any CPU
		{5FE6B16F-559B-46BD-A3AF-5F5F574B00BC}.Ad-Hoc|iPhone.ActiveCfg = Release|Any CPU
		{5FE6B16F-559B-46BD-A3AF-5F5F574B00BC}.Ad-Hoc|iPhone.Build.0 = Release|Any CPU
		{5FE6B16F-559B-46BD-A3AF-5F5F574B00BC}.Ad-Hoc|iPhone.Deploy.0 = Release|Any CPU
		{5FE6B16F-559B-46BD-A3AF-5F5F574B00BC}.Ad-Hoc|iPhoneSimulator.ActiveCfg = Release|Any CPU
		{5FE6B16F-559B-46BD-A3AF-5F5F574B00BC}.Ad-Hoc|iPhoneSimulator.Build.0 = Release|Any CPU
		{5FE6B16F-559B-46BD-A3AF-5F5F574B00BC}.Ad-Hoc|iPhoneSimulator.Deploy.0 = Release|Any CPU
		{5FE6B16F-559B-46BD-A3AF-5F5F574B00BC}.Ad-Hoc|x64.ActiveCfg = Release|Any CPU
		{5FE6B16F-559B-46BD-A3AF-5F5F574B00BC}.Ad-Hoc|x64.Build.0 = Release|Any CPU
		{5FE6B16F-559B-46BD-A3AF-5F5F574B00BC}.Ad-Hoc|x64.Deploy.0 = Release|Any CPU
		{5FE6B16F-559B-46BD-A3AF-5F5F574B00BC}.Ad-Hoc|x86.ActiveCfg = Release|Any CPU
		{5FE6B16F-559B-46BD-A3AF-5F5F574B00BC}.Ad-Hoc|x86.Build.0 = Release|Any CPU
		{5FE6B16F-559B-46BD-A3AF-5F5F574B00BC}.Ad-Hoc|x86.Deploy.0 = Release|Any CPU
		{5FE6B16F-559B-46BD-A3AF-5F5F574B00BC}.AppStore|Any CPU.ActiveCfg = Release|Any CPU
		{5FE6B16F-559B-46BD-A3AF-5F5F574B00BC}.AppStore|Any CPU.Build.0 = Release|Any CPU
		{5FE6B16F-559B-46BD-A3AF-5F5F574B00BC}.AppStore|Any CPU.Deploy.0 = Release|Any CPU
		{5FE6B16F-559B-46BD-A3AF-5F5F574B00BC}.AppStore|ARM.ActiveCfg = Release|Any CPU
		{5FE6B16F-559B-46BD-A3AF-5F5F574B00BC}.AppStore|ARM.Build.0 = Release|Any CPU
		{5FE6B16F-559B-46BD-A3AF-5F5F574B00BC}.AppStore|ARM.Deploy.0 = Release|Any CPU
		{5FE6B16F-559B-46BD-A3AF-5F5F574B00BC}.AppStore|iPhone.ActiveCfg = Release|Any CPU
		{5FE6B16F-559B-46BD-A3AF-5F5F574B00BC}.AppStore|iPhone.Build.0 = Release|Any CPU
		{5FE6B16F-559B-46BD-A3AF-5F5F574B00BC}.AppStore|iPhone.Deploy.0 = Release|Any CPU
		{5FE6B16F-559B-46BD-A3AF-5F5F574B00BC}.AppStore|iPhoneSimulator.ActiveCfg = Release|Any CPU
		{5FE6B16F-559B-46BD-A3AF-5F5F574B00BC}.AppStore|iPhoneSimulator.Build.0 = Release|Any CPU
		{5FE6B16F-559B-46BD-A3AF-5F5F574B00BC}.AppStore|iPhoneSimulator.Deploy.0 = Release|Any CPU
		{5FE6B16F-559B-46BD-A3AF-5F5F574B00BC}.AppStore|x64.ActiveCfg = Release|Any CPU
		{5FE6B16F-559B-46BD-A3AF-5F5F574B00BC}.AppStore|x64.Build.0 = Release|Any CPU
		{5FE6B16F-559B-46BD-A3AF-5F5F574B00BC}.AppStore|x64.Deploy.0 = Release|Any CPU
		{5FE6B16F-559B-46BD-A3AF-5F5F574B00BC}.AppStore|x86.ActiveCfg = Release|Any CPU
		{5FE6B16F-559B-46BD-A3AF-5F5F574B00BC}.AppStore|x86.Build.0 = Release|Any CPU
		{5FE6B16F-559B-46BD-A3AF-5F5F574B00BC}.AppStore|x86.Deploy.0 = Release|Any CPU
		{5FE6B16F-559B-46BD-A3AF-5F5F574B00BC}.Debug|Any CPU.ActiveCfg = Debug|Any CPU
		{5FE6B16F-559B-46BD-A3AF-5F5F574B00BC}.Debug|Any CPU.Build.0 = Debug|Any CPU
		{5FE6B16F-559B-46BD-A3AF-5F5F574B00BC}.Debug|Any CPU.Deploy.0 = Debug|Any CPU
		{5FE6B16F-559B-46BD-A3AF-5F5F574B00BC}.Debug|ARM.ActiveCfg = Debug|Any CPU
		{5FE6B16F-559B-46BD-A3AF-5F5F574B00BC}.Debug|ARM.Build.0 = Debug|Any CPU
		{5FE6B16F-559B-46BD-A3AF-5F5F574B00BC}.Debug|ARM.Deploy.0 = Debug|Any CPU
		{5FE6B16F-559B-46BD-A3AF-5F5F574B00BC}.Debug|iPhone.ActiveCfg = Debug|Any CPU
		{5FE6B16F-559B-46BD-A3AF-5F5F574B00BC}.Debug|iPhone.Build.0 = Debug|Any CPU
		{5FE6B16F-559B-46BD-A3AF-5F5F574B00BC}.Debug|iPhone.Deploy.0 = Debug|Any CPU
		{5FE6B16F-559B-46BD-A3AF-5F5F574B00BC}.Debug|iPhoneSimulator.ActiveCfg = Debug|Any CPU
		{5FE6B16F-559B-46BD-A3AF-5F5F574B00BC}.Debug|iPhoneSimulator.Build.0 = Debug|Any CPU
		{5FE6B16F-559B-46BD-A3AF-5F5F574B00BC}.Debug|iPhoneSimulator.Deploy.0 = Debug|Any CPU
		{5FE6B16F-559B-46BD-A3AF-5F5F574B00BC}.Debug|x64.ActiveCfg = Debug|Any CPU
		{5FE6B16F-559B-46BD-A3AF-5F5F574B00BC}.Debug|x64.Build.0 = Debug|Any CPU
		{5FE6B16F-559B-46BD-A3AF-5F5F574B00BC}.Debug|x64.Deploy.0 = Debug|Any CPU
		{5FE6B16F-559B-46BD-A3AF-5F5F574B00BC}.Debug|x86.ActiveCfg = Debug|Any CPU
		{5FE6B16F-559B-46BD-A3AF-5F5F574B00BC}.Debug|x86.Build.0 = Debug|Any CPU
		{5FE6B16F-559B-46BD-A3AF-5F5F574B00BC}.Debug|x86.Deploy.0 = Debug|Any CPU
		{5FE6B16F-559B-46BD-A3AF-5F5F574B00BC}.Release|Any CPU.ActiveCfg = Release|Any CPU
		{5FE6B16F-559B-46BD-A3AF-5F5F574B00BC}.Release|Any CPU.Build.0 = Release|Any CPU
		{5FE6B16F-559B-46BD-A3AF-5F5F574B00BC}.Release|Any CPU.Deploy.0 = Release|Any CPU
		{5FE6B16F-559B-46BD-A3AF-5F5F574B00BC}.Release|ARM.ActiveCfg = Release|Any CPU
		{5FE6B16F-559B-46BD-A3AF-5F5F574B00BC}.Release|ARM.Build.0 = Release|Any CPU
		{5FE6B16F-559B-46BD-A3AF-5F5F574B00BC}.Release|ARM.Deploy.0 = Release|Any CPU
		{5FE6B16F-559B-46BD-A3AF-5F5F574B00BC}.Release|iPhone.ActiveCfg = Release|Any CPU
		{5FE6B16F-559B-46BD-A3AF-5F5F574B00BC}.Release|iPhone.Build.0 = Release|Any CPU
		{5FE6B16F-559B-46BD-A3AF-5F5F574B00BC}.Release|iPhone.Deploy.0 = Release|Any CPU
		{5FE6B16F-559B-46BD-A3AF-5F5F574B00BC}.Release|iPhoneSimulator.ActiveCfg = Release|Any CPU
		{5FE6B16F-559B-46BD-A3AF-5F5F574B00BC}.Release|iPhoneSimulator.Build.0 = Release|Any CPU
		{5FE6B16F-559B-46BD-A3AF-5F5F574B00BC}.Release|iPhoneSimulator.Deploy.0 = Release|Any CPU
		{5FE6B16F-559B-46BD-A3AF-5F5F574B00BC}.Release|x64.ActiveCfg = Release|Any CPU
		{5FE6B16F-559B-46BD-A3AF-5F5F574B00BC}.Release|x64.Build.0 = Release|Any CPU
		{5FE6B16F-559B-46BD-A3AF-5F5F574B00BC}.Release|x64.Deploy.0 = Release|Any CPU
		{5FE6B16F-559B-46BD-A3AF-5F5F574B00BC}.Release|x86.ActiveCfg = Release|Any CPU
		{5FE6B16F-559B-46BD-A3AF-5F5F574B00BC}.Release|x86.Build.0 = Release|Any CPU
		{5FE6B16F-559B-46BD-A3AF-5F5F574B00BC}.Release|x86.Deploy.0 = Release|Any CPU
		{319DC434-6EAE-4C17-92CB-1616EDFA6507}.Ad-Hoc|Any CPU.ActiveCfg = Release|Any CPU
		{319DC434-6EAE-4C17-92CB-1616EDFA6507}.Ad-Hoc|Any CPU.Build.0 = Release|Any CPU
		{319DC434-6EAE-4C17-92CB-1616EDFA6507}.Ad-Hoc|ARM.ActiveCfg = Release|Any CPU
		{319DC434-6EAE-4C17-92CB-1616EDFA6507}.Ad-Hoc|ARM.Build.0 = Release|Any CPU
		{319DC434-6EAE-4C17-92CB-1616EDFA6507}.Ad-Hoc|iPhone.ActiveCfg = Release|Any CPU
		{319DC434-6EAE-4C17-92CB-1616EDFA6507}.Ad-Hoc|iPhone.Build.0 = Release|Any CPU
		{319DC434-6EAE-4C17-92CB-1616EDFA6507}.Ad-Hoc|iPhoneSimulator.ActiveCfg = Release|Any CPU
		{319DC434-6EAE-4C17-92CB-1616EDFA6507}.Ad-Hoc|iPhoneSimulator.Build.0 = Release|Any CPU
		{319DC434-6EAE-4C17-92CB-1616EDFA6507}.Ad-Hoc|x64.ActiveCfg = Release|Any CPU
		{319DC434-6EAE-4C17-92CB-1616EDFA6507}.Ad-Hoc|x64.Build.0 = Release|Any CPU
		{319DC434-6EAE-4C17-92CB-1616EDFA6507}.Ad-Hoc|x86.ActiveCfg = Release|Any CPU
		{319DC434-6EAE-4C17-92CB-1616EDFA6507}.Ad-Hoc|x86.Build.0 = Release|Any CPU
		{319DC434-6EAE-4C17-92CB-1616EDFA6507}.AppStore|Any CPU.ActiveCfg = Release|Any CPU
		{319DC434-6EAE-4C17-92CB-1616EDFA6507}.AppStore|Any CPU.Build.0 = Release|Any CPU
		{319DC434-6EAE-4C17-92CB-1616EDFA6507}.AppStore|ARM.ActiveCfg = Release|Any CPU
		{319DC434-6EAE-4C17-92CB-1616EDFA6507}.AppStore|ARM.Build.0 = Release|Any CPU
		{319DC434-6EAE-4C17-92CB-1616EDFA6507}.AppStore|iPhone.ActiveCfg = Release|Any CPU
		{319DC434-6EAE-4C17-92CB-1616EDFA6507}.AppStore|iPhone.Build.0 = Release|Any CPU
		{319DC434-6EAE-4C17-92CB-1616EDFA6507}.AppStore|iPhoneSimulator.ActiveCfg = Release|Any CPU
		{319DC434-6EAE-4C17-92CB-1616EDFA6507}.AppStore|iPhoneSimulator.Build.0 = Release|Any CPU
		{319DC434-6EAE-4C17-92CB-1616EDFA6507}.AppStore|x64.ActiveCfg = Release|Any CPU
		{319DC434-6EAE-4C17-92CB-1616EDFA6507}.AppStore|x64.Build.0 = Release|Any CPU
		{319DC434-6EAE-4C17-92CB-1616EDFA6507}.AppStore|x86.ActiveCfg = Release|Any CPU
		{319DC434-6EAE-4C17-92CB-1616EDFA6507}.AppStore|x86.Build.0 = Release|Any CPU
		{319DC434-6EAE-4C17-92CB-1616EDFA6507}.Debug|Any CPU.ActiveCfg = Debug|Any CPU
		{319DC434-6EAE-4C17-92CB-1616EDFA6507}.Debug|Any CPU.Build.0 = Debug|Any CPU
		{319DC434-6EAE-4C17-92CB-1616EDFA6507}.Debug|ARM.ActiveCfg = Debug|Any CPU
		{319DC434-6EAE-4C17-92CB-1616EDFA6507}.Debug|ARM.Build.0 = Debug|Any CPU
		{319DC434-6EAE-4C17-92CB-1616EDFA6507}.Debug|iPhone.ActiveCfg = Debug|Any CPU
		{319DC434-6EAE-4C17-92CB-1616EDFA6507}.Debug|iPhone.Build.0 = Debug|Any CPU
		{319DC434-6EAE-4C17-92CB-1616EDFA6507}.Debug|iPhoneSimulator.ActiveCfg = Debug|Any CPU
		{319DC434-6EAE-4C17-92CB-1616EDFA6507}.Debug|iPhoneSimulator.Build.0 = Debug|Any CPU
		{319DC434-6EAE-4C17-92CB-1616EDFA6507}.Debug|x64.ActiveCfg = Debug|Any CPU
		{319DC434-6EAE-4C17-92CB-1616EDFA6507}.Debug|x64.Build.0 = Debug|Any CPU
		{319DC434-6EAE-4C17-92CB-1616EDFA6507}.Debug|x86.ActiveCfg = Debug|Any CPU
		{319DC434-6EAE-4C17-92CB-1616EDFA6507}.Debug|x86.Build.0 = Debug|Any CPU
		{319DC434-6EAE-4C17-92CB-1616EDFA6507}.Release|Any CPU.ActiveCfg = Release|Any CPU
		{319DC434-6EAE-4C17-92CB-1616EDFA6507}.Release|Any CPU.Build.0 = Release|Any CPU
		{319DC434-6EAE-4C17-92CB-1616EDFA6507}.Release|ARM.ActiveCfg = Release|Any CPU
		{319DC434-6EAE-4C17-92CB-1616EDFA6507}.Release|ARM.Build.0 = Release|Any CPU
		{319DC434-6EAE-4C17-92CB-1616EDFA6507}.Release|iPhone.ActiveCfg = Release|Any CPU
		{319DC434-6EAE-4C17-92CB-1616EDFA6507}.Release|iPhone.Build.0 = Release|Any CPU
		{319DC434-6EAE-4C17-92CB-1616EDFA6507}.Release|iPhoneSimulator.ActiveCfg = Release|Any CPU
		{319DC434-6EAE-4C17-92CB-1616EDFA6507}.Release|iPhoneSimulator.Build.0 = Release|Any CPU
		{319DC434-6EAE-4C17-92CB-1616EDFA6507}.Release|x64.ActiveCfg = Release|Any CPU
		{319DC434-6EAE-4C17-92CB-1616EDFA6507}.Release|x64.Build.0 = Release|Any CPU
		{319DC434-6EAE-4C17-92CB-1616EDFA6507}.Release|x86.ActiveCfg = Release|Any CPU
		{319DC434-6EAE-4C17-92CB-1616EDFA6507}.Release|x86.Build.0 = Release|Any CPU
		{FCA9CDD7-4597-4C6B-95CB-31C32EC0C428}.Ad-Hoc|Any CPU.ActiveCfg = Release|x86
		{FCA9CDD7-4597-4C6B-95CB-31C32EC0C428}.Ad-Hoc|Any CPU.Build.0 = Release|x86
		{FCA9CDD7-4597-4C6B-95CB-31C32EC0C428}.Ad-Hoc|Any CPU.Deploy.0 = Release|x86
		{FCA9CDD7-4597-4C6B-95CB-31C32EC0C428}.Ad-Hoc|ARM.ActiveCfg = Release|ARM
		{FCA9CDD7-4597-4C6B-95CB-31C32EC0C428}.Ad-Hoc|ARM.Build.0 = Release|ARM
		{FCA9CDD7-4597-4C6B-95CB-31C32EC0C428}.Ad-Hoc|ARM.Deploy.0 = Release|ARM
		{FCA9CDD7-4597-4C6B-95CB-31C32EC0C428}.Ad-Hoc|iPhone.ActiveCfg = Release|x86
		{FCA9CDD7-4597-4C6B-95CB-31C32EC0C428}.Ad-Hoc|iPhone.Build.0 = Release|x86
		{FCA9CDD7-4597-4C6B-95CB-31C32EC0C428}.Ad-Hoc|iPhone.Deploy.0 = Release|x86
		{FCA9CDD7-4597-4C6B-95CB-31C32EC0C428}.Ad-Hoc|iPhoneSimulator.ActiveCfg = Release|x86
		{FCA9CDD7-4597-4C6B-95CB-31C32EC0C428}.Ad-Hoc|iPhoneSimulator.Build.0 = Release|x86
		{FCA9CDD7-4597-4C6B-95CB-31C32EC0C428}.Ad-Hoc|iPhoneSimulator.Deploy.0 = Release|x86
		{FCA9CDD7-4597-4C6B-95CB-31C32EC0C428}.Ad-Hoc|x64.ActiveCfg = Release|x64
		{FCA9CDD7-4597-4C6B-95CB-31C32EC0C428}.Ad-Hoc|x64.Build.0 = Release|x64
		{FCA9CDD7-4597-4C6B-95CB-31C32EC0C428}.Ad-Hoc|x64.Deploy.0 = Release|x64
		{FCA9CDD7-4597-4C6B-95CB-31C32EC0C428}.Ad-Hoc|x86.ActiveCfg = Release|x86
		{FCA9CDD7-4597-4C6B-95CB-31C32EC0C428}.Ad-Hoc|x86.Build.0 = Release|x86
		{FCA9CDD7-4597-4C6B-95CB-31C32EC0C428}.Ad-Hoc|x86.Deploy.0 = Release|x86
		{FCA9CDD7-4597-4C6B-95CB-31C32EC0C428}.AppStore|Any CPU.ActiveCfg = Release|x86
		{FCA9CDD7-4597-4C6B-95CB-31C32EC0C428}.AppStore|Any CPU.Build.0 = Release|x86
		{FCA9CDD7-4597-4C6B-95CB-31C32EC0C428}.AppStore|Any CPU.Deploy.0 = Release|x86
		{FCA9CDD7-4597-4C6B-95CB-31C32EC0C428}.AppStore|ARM.ActiveCfg = Release|ARM
		{FCA9CDD7-4597-4C6B-95CB-31C32EC0C428}.AppStore|ARM.Build.0 = Release|ARM
		{FCA9CDD7-4597-4C6B-95CB-31C32EC0C428}.AppStore|ARM.Deploy.0 = Release|ARM
		{FCA9CDD7-4597-4C6B-95CB-31C32EC0C428}.AppStore|iPhone.ActiveCfg = Release|x86
		{FCA9CDD7-4597-4C6B-95CB-31C32EC0C428}.AppStore|iPhone.Build.0 = Release|x86
		{FCA9CDD7-4597-4C6B-95CB-31C32EC0C428}.AppStore|iPhone.Deploy.0 = Release|x86
		{FCA9CDD7-4597-4C6B-95CB-31C32EC0C428}.AppStore|iPhoneSimulator.ActiveCfg = Release|x86
		{FCA9CDD7-4597-4C6B-95CB-31C32EC0C428}.AppStore|iPhoneSimulator.Build.0 = Release|x86
		{FCA9CDD7-4597-4C6B-95CB-31C32EC0C428}.AppStore|iPhoneSimulator.Deploy.0 = Release|x86
		{FCA9CDD7-4597-4C6B-95CB-31C32EC0C428}.AppStore|x64.ActiveCfg = Release|x64
		{FCA9CDD7-4597-4C6B-95CB-31C32EC0C428}.AppStore|x64.Build.0 = Release|x64
		{FCA9CDD7-4597-4C6B-95CB-31C32EC0C428}.AppStore|x64.Deploy.0 = Release|x64
		{FCA9CDD7-4597-4C6B-95CB-31C32EC0C428}.AppStore|x86.ActiveCfg = Release|x86
		{FCA9CDD7-4597-4C6B-95CB-31C32EC0C428}.AppStore|x86.Build.0 = Release|x86
		{FCA9CDD7-4597-4C6B-95CB-31C32EC0C428}.AppStore|x86.Deploy.0 = Release|x86
		{FCA9CDD7-4597-4C6B-95CB-31C32EC0C428}.Debug|Any CPU.ActiveCfg = Debug|x86
		{FCA9CDD7-4597-4C6B-95CB-31C32EC0C428}.Debug|ARM.ActiveCfg = Debug|ARM
		{FCA9CDD7-4597-4C6B-95CB-31C32EC0C428}.Debug|ARM.Build.0 = Debug|ARM
		{FCA9CDD7-4597-4C6B-95CB-31C32EC0C428}.Debug|ARM.Deploy.0 = Debug|ARM
		{FCA9CDD7-4597-4C6B-95CB-31C32EC0C428}.Debug|iPhone.ActiveCfg = Debug|x86
		{FCA9CDD7-4597-4C6B-95CB-31C32EC0C428}.Debug|iPhoneSimulator.ActiveCfg = Debug|x86
		{FCA9CDD7-4597-4C6B-95CB-31C32EC0C428}.Debug|x64.ActiveCfg = Debug|x64
		{FCA9CDD7-4597-4C6B-95CB-31C32EC0C428}.Debug|x64.Build.0 = Debug|x64
		{FCA9CDD7-4597-4C6B-95CB-31C32EC0C428}.Debug|x64.Deploy.0 = Debug|x64
		{FCA9CDD7-4597-4C6B-95CB-31C32EC0C428}.Debug|x86.ActiveCfg = Debug|x86
		{FCA9CDD7-4597-4C6B-95CB-31C32EC0C428}.Debug|x86.Build.0 = Debug|x86
		{FCA9CDD7-4597-4C6B-95CB-31C32EC0C428}.Debug|x86.Deploy.0 = Debug|x86
		{FCA9CDD7-4597-4C6B-95CB-31C32EC0C428}.Release|Any CPU.ActiveCfg = Release|x86
		{FCA9CDD7-4597-4C6B-95CB-31C32EC0C428}.Release|ARM.ActiveCfg = Release|ARM
		{FCA9CDD7-4597-4C6B-95CB-31C32EC0C428}.Release|ARM.Build.0 = Release|ARM
		{FCA9CDD7-4597-4C6B-95CB-31C32EC0C428}.Release|ARM.Deploy.0 = Release|ARM
		{FCA9CDD7-4597-4C6B-95CB-31C32EC0C428}.Release|iPhone.ActiveCfg = Release|x86
		{FCA9CDD7-4597-4C6B-95CB-31C32EC0C428}.Release|iPhoneSimulator.ActiveCfg = Release|x86
		{FCA9CDD7-4597-4C6B-95CB-31C32EC0C428}.Release|x64.ActiveCfg = Release|x64
		{FCA9CDD7-4597-4C6B-95CB-31C32EC0C428}.Release|x64.Build.0 = Release|x64
		{FCA9CDD7-4597-4C6B-95CB-31C32EC0C428}.Release|x64.Deploy.0 = Release|x64
		{FCA9CDD7-4597-4C6B-95CB-31C32EC0C428}.Release|x86.ActiveCfg = Release|x86
		{FCA9CDD7-4597-4C6B-95CB-31C32EC0C428}.Release|x86.Build.0 = Release|x86
		{FCA9CDD7-4597-4C6B-95CB-31C32EC0C428}.Release|x86.Deploy.0 = Release|x86
		{ED4527BE-39A9-459F-B903-CAB278F604D6}.Ad-Hoc|Any CPU.ActiveCfg = Ad-Hoc|iPhoneSimulator
		{ED4527BE-39A9-459F-B903-CAB278F604D6}.Ad-Hoc|ARM.ActiveCfg = Ad-Hoc|iPhone
		{ED4527BE-39A9-459F-B903-CAB278F604D6}.Ad-Hoc|iPhone.ActiveCfg = Ad-Hoc|iPhone
		{ED4527BE-39A9-459F-B903-CAB278F604D6}.Ad-Hoc|iPhone.Build.0 = Ad-Hoc|iPhone
		{ED4527BE-39A9-459F-B903-CAB278F604D6}.Ad-Hoc|iPhoneSimulator.ActiveCfg = Ad-Hoc|iPhoneSimulator
		{ED4527BE-39A9-459F-B903-CAB278F604D6}.Ad-Hoc|iPhoneSimulator.Build.0 = Ad-Hoc|iPhoneSimulator
		{ED4527BE-39A9-459F-B903-CAB278F604D6}.Ad-Hoc|x64.ActiveCfg = Ad-Hoc|iPhone
		{ED4527BE-39A9-459F-B903-CAB278F604D6}.Ad-Hoc|x86.ActiveCfg = Ad-Hoc|iPhone
		{ED4527BE-39A9-459F-B903-CAB278F604D6}.AppStore|Any CPU.ActiveCfg = AppStore|iPhoneSimulator
		{ED4527BE-39A9-459F-B903-CAB278F604D6}.AppStore|ARM.ActiveCfg = AppStore|iPhone
		{ED4527BE-39A9-459F-B903-CAB278F604D6}.AppStore|iPhone.ActiveCfg = AppStore|iPhone
		{ED4527BE-39A9-459F-B903-CAB278F604D6}.AppStore|iPhone.Build.0 = AppStore|iPhone
		{ED4527BE-39A9-459F-B903-CAB278F604D6}.AppStore|iPhoneSimulator.ActiveCfg = AppStore|iPhoneSimulator
		{ED4527BE-39A9-459F-B903-CAB278F604D6}.AppStore|iPhoneSimulator.Build.0 = AppStore|iPhoneSimulator
		{ED4527BE-39A9-459F-B903-CAB278F604D6}.AppStore|x64.ActiveCfg = AppStore|iPhone
		{ED4527BE-39A9-459F-B903-CAB278F604D6}.AppStore|x86.ActiveCfg = AppStore|iPhone
		{ED4527BE-39A9-459F-B903-CAB278F604D6}.Debug|Any CPU.ActiveCfg = Debug|iPhoneSimulator
		{ED4527BE-39A9-459F-B903-CAB278F604D6}.Debug|ARM.ActiveCfg = Debug|iPhone
		{ED4527BE-39A9-459F-B903-CAB278F604D6}.Debug|iPhone.ActiveCfg = Debug|iPhone
		{ED4527BE-39A9-459F-B903-CAB278F604D6}.Debug|iPhone.Build.0 = Debug|iPhone
		{ED4527BE-39A9-459F-B903-CAB278F604D6}.Debug|iPhoneSimulator.ActiveCfg = Debug|iPhoneSimulator
		{ED4527BE-39A9-459F-B903-CAB278F604D6}.Debug|iPhoneSimulator.Build.0 = Debug|iPhoneSimulator
		{ED4527BE-39A9-459F-B903-CAB278F604D6}.Debug|x64.ActiveCfg = Debug|iPhone
		{ED4527BE-39A9-459F-B903-CAB278F604D6}.Debug|x86.ActiveCfg = Debug|iPhone
		{ED4527BE-39A9-459F-B903-CAB278F604D6}.Release|Any CPU.ActiveCfg = Release|iPhoneSimulator
		{ED4527BE-39A9-459F-B903-CAB278F604D6}.Release|ARM.ActiveCfg = Release|iPhone
		{ED4527BE-39A9-459F-B903-CAB278F604D6}.Release|iPhone.ActiveCfg = Release|iPhone
		{ED4527BE-39A9-459F-B903-CAB278F604D6}.Release|iPhone.Build.0 = Release|iPhone
		{ED4527BE-39A9-459F-B903-CAB278F604D6}.Release|iPhoneSimulator.ActiveCfg = Release|iPhoneSimulator
		{ED4527BE-39A9-459F-B903-CAB278F604D6}.Release|iPhoneSimulator.Build.0 = Release|iPhoneSimulator
		{ED4527BE-39A9-459F-B903-CAB278F604D6}.Release|x64.ActiveCfg = Release|iPhone
		{ED4527BE-39A9-459F-B903-CAB278F604D6}.Release|x86.ActiveCfg = Release|iPhone
	EndGlobalSection
	GlobalSection(SolutionProperties) = preSolution
		HideSolutionNode = FALSE
	EndGlobalSection
	GlobalSection(ExtensibilityGlobals) = postSolution
		SolutionGuid = {573C9CA6-CBA5-4EC4-964C-34CCDBE91A8E}
	EndGlobalSection
EndGlobal
